// !$*UTF8*$!
{
	archiveVersion = 1;
	classes = {
	};
	objectVersion = 55;
	objects = {

/* Begin PBXBuildFile section */
		C042738B2823AC2600F292DA /* AllRefCellView.swift in Sources */ = {isa = PBXBuildFile; fileRef = C042738A2823AC2600F292DA /* AllRefCellView.swift */; };
		C042738D28240F9700F292DA /* StudyCellView.swift in Sources */ = {isa = PBXBuildFile; fileRef = C042738C28240F9700F292DA /* StudyCellView.swift */; };
		C042738F2824200900F292DA /* StudyAlertView.swift in Sources */ = {isa = PBXBuildFile; fileRef = C042738E2824200900F292DA /* StudyAlertView.swift */; };
		C08755FD282172F1002BC996 /* CarouselView.swift in Sources */ = {isa = PBXBuildFile; fileRef = C08755FC282172F1002BC996 /* CarouselView.swift */; };
		C08755FE282172F1002BC996 /* CarouselView.swift in Sources */ = {isa = PBXBuildFile; fileRef = C08755FC282172F1002BC996 /* CarouselView.swift */; };
		C087560028217678002BC996 /* HomeView.swift in Sources */ = {isa = PBXBuildFile; fileRef = C08755FF28217678002BC996 /* HomeView.swift */; };
		C087560128217678002BC996 /* HomeView.swift in Sources */ = {isa = PBXBuildFile; fileRef = C08755FF28217678002BC996 /* HomeView.swift */; };
		C087560328217E7B002BC996 /* BookInfoAlertVIew.swift in Sources */ = {isa = PBXBuildFile; fileRef = C087560228217E7B002BC996 /* BookInfoAlertVIew.swift */; };
		C087560428217E7B002BC996 /* BookInfoAlertVIew.swift in Sources */ = {isa = PBXBuildFile; fileRef = C087560228217E7B002BC996 /* BookInfoAlertVIew.swift */; };
		C087560F2821FF2B002BC996 /* BookDetailView.swift in Sources */ = {isa = PBXBuildFile; fileRef = C087560E2821FF2B002BC996 /* BookDetailView.swift */; };
		C08756102821FF2B002BC996 /* BookDetailView.swift in Sources */ = {isa = PBXBuildFile; fileRef = C087560E2821FF2B002BC996 /* BookDetailView.swift */; };
		C087561228220B06002BC996 /* TestView11.swift in Sources */ = {isa = PBXBuildFile; fileRef = C087561128220B06002BC996 /* TestView11.swift */; };
		C087561328220B06002BC996 /* TestView11.swift in Sources */ = {isa = PBXBuildFile; fileRef = C087561128220B06002BC996 /* TestView11.swift */; };
		C087561528221E7B002BC996 /* ReferenceSubCellView.swift in Sources */ = {isa = PBXBuildFile; fileRef = C087561428221E7B002BC996 /* ReferenceSubCellView.swift */; };
		C087561628221E7B002BC996 /* ReferenceSubCellView.swift in Sources */ = {isa = PBXBuildFile; fileRef = C087561428221E7B002BC996 /* ReferenceSubCellView.swift */; };
		C08756182822B965002BC996 /* InfinityCarouselView.swift in Sources */ = {isa = PBXBuildFile; fileRef = C08756172822B965002BC996 /* InfinityCarouselView.swift */; };
		C087561A2822BABF002BC996 /* CarouselCellView.swift in Sources */ = {isa = PBXBuildFile; fileRef = C08756192822BABF002BC996 /* CarouselCellView.swift */; };
		C0B7234A281F9FA2002CCFB0 /* NanoChallenge1App.swift in Sources */ = {isa = PBXBuildFile; fileRef = C0B7233A281F9FA1002CCFB0 /* NanoChallenge1App.swift */; };
		C0B7234B281F9FA2002CCFB0 /* NanoChallenge1App.swift in Sources */ = {isa = PBXBuildFile; fileRef = C0B7233A281F9FA1002CCFB0 /* NanoChallenge1App.swift */; };
		C0B7234E281F9FA2002CCFB0 /* Assets.xcassets in Resources */ = {isa = PBXBuildFile; fileRef = C0B7233C281F9FA2002CCFB0 /* Assets.xcassets */; };
		C0B7234F281F9FA2002CCFB0 /* Assets.xcassets in Resources */ = {isa = PBXBuildFile; fileRef = C0B7233C281F9FA2002CCFB0 /* Assets.xcassets */; };
		C0B7235A281FA651002CCFB0 /* model.swift in Sources */ = {isa = PBXBuildFile; fileRef = C0B72359281FA651002CCFB0 /* model.swift */; };
		C0B7235B281FA651002CCFB0 /* model.swift in Sources */ = {isa = PBXBuildFile; fileRef = C0B72359281FA651002CCFB0 /* model.swift */; };
		C0B72360281FC649002CCFB0 /* BookListCellView.swift in Sources */ = {isa = PBXBuildFile; fileRef = C0B7235F281FC649002CCFB0 /* BookListCellView.swift */; };
		C0B72361281FC649002CCFB0 /* BookListCellView.swift in Sources */ = {isa = PBXBuildFile; fileRef = C0B7235F281FC649002CCFB0 /* BookListCellView.swift */; };
/* End PBXBuildFile section */

/* Begin PBXFileReference section */
		C042738A2823AC2600F292DA /* AllRefCellView.swift */ = {isa = PBXFileReference; lastKnownFileType = sourcecode.swift; path = AllRefCellView.swift; sourceTree = "<group>"; };
		C042738C28240F9700F292DA /* StudyCellView.swift */ = {isa = PBXFileReference; lastKnownFileType = sourcecode.swift; path = StudyCellView.swift; sourceTree = "<group>"; };
		C042738E2824200900F292DA /* StudyAlertView.swift */ = {isa = PBXFileReference; lastKnownFileType = sourcecode.swift; path = StudyAlertView.swift; sourceTree = "<group>"; };
		C08755FC282172F1002BC996 /* CarouselView.swift */ = {isa = PBXFileReference; lastKnownFileType = sourcecode.swift; path = CarouselView.swift; sourceTree = "<group>"; };
		C08755FF28217678002BC996 /* HomeView.swift */ = {isa = PBXFileReference; lastKnownFileType = sourcecode.swift; path = HomeView.swift; sourceTree = "<group>"; };
		C087560228217E7B002BC996 /* BookInfoAlertVIew.swift */ = {isa = PBXFileReference; lastKnownFileType = sourcecode.swift; path = BookInfoAlertVIew.swift; sourceTree = "<group>"; };
		C087560E2821FF2B002BC996 /* BookDetailView.swift */ = {isa = PBXFileReference; lastKnownFileType = sourcecode.swift; path = BookDetailView.swift; sourceTree = "<group>"; };
		C087561128220B06002BC996 /* TestView11.swift */ = {isa = PBXFileReference; lastKnownFileType = sourcecode.swift; path = TestView11.swift; sourceTree = "<group>"; };
		C087561428221E7B002BC996 /* ReferenceSubCellView.swift */ = {isa = PBXFileReference; lastKnownFileType = sourcecode.swift; path = ReferenceSubCellView.swift; sourceTree = "<group>"; };
		C08756172822B965002BC996 /* InfinityCarouselView.swift */ = {isa = PBXFileReference; lastKnownFileType = sourcecode.swift; path = InfinityCarouselView.swift; sourceTree = "<group>"; };
		C08756192822BABF002BC996 /* CarouselCellView.swift */ = {isa = PBXFileReference; lastKnownFileType = sourcecode.swift; path = CarouselCellView.swift; sourceTree = "<group>"; };
		C0B7233A281F9FA1002CCFB0 /* NanoChallenge1App.swift */ = {isa = PBXFileReference; lastKnownFileType = sourcecode.swift; path = NanoChallenge1App.swift; sourceTree = "<group>"; };
		C0B7233C281F9FA2002CCFB0 /* Assets.xcassets */ = {isa = PBXFileReference; lastKnownFileType = folder.assetcatalog; path = Assets.xcassets; sourceTree = "<group>"; };
		C0B72341281F9FA2002CCFB0 /* NanoChallenge1.app */ = {isa = PBXFileReference; explicitFileType = wrapper.application; includeInIndex = 0; path = NanoChallenge1.app; sourceTree = BUILT_PRODUCTS_DIR; };
		C0B72347281F9FA2002CCFB0 /* NanoChallenge1.app */ = {isa = PBXFileReference; explicitFileType = wrapper.application; includeInIndex = 0; path = NanoChallenge1.app; sourceTree = BUILT_PRODUCTS_DIR; };
		C0B72359281FA651002CCFB0 /* model.swift */ = {isa = PBXFileReference; lastKnownFileType = sourcecode.swift; path = model.swift; sourceTree = "<group>"; };
		C0B7235F281FC649002CCFB0 /* BookListCellView.swift */ = {isa = PBXFileReference; lastKnownFileType = sourcecode.swift; path = BookListCellView.swift; sourceTree = "<group>"; };
/* End PBXFileReference section */

/* Begin PBXFrameworksBuildPhase section */
		C0B7233E281F9FA2002CCFB0 /* Frameworks */ = {
			isa = PBXFrameworksBuildPhase;
			buildActionMask = 2147483647;
			files = (
			);
			runOnlyForDeploymentPostprocessing = 0;
		};
		C0B72344281F9FA2002CCFB0 /* Frameworks */ = {
			isa = PBXFrameworksBuildPhase;
			buildActionMask = 2147483647;
			files = (
			);
			runOnlyForDeploymentPostprocessing = 0;
		};
/* End PBXFrameworksBuildPhase section */

/* Begin PBXGroup section */
		C0B72334281F9FA1002CCFB0 = {
			isa = PBXGroup;
			children = (
				C0B72339281F9FA1002CCFB0 /* Shared */,
				C0B72342281F9FA2002CCFB0 /* Products */,
			);
			sourceTree = "<group>";
		};
		C0B72339281F9FA1002CCFB0 /* Shared */ = {
			isa = PBXGroup;
			children = (
				C08755FC282172F1002BC996 /* CarouselView.swift */,
				C0B72359281FA651002CCFB0 /* model.swift */,
				C0B72358281FA098002CCFB0 /* View */,
				C0B7233C281F9FA2002CCFB0 /* Assets.xcassets */,
				C087561128220B06002BC996 /* TestView11.swift */,
				C0B7233A281F9FA1002CCFB0 /* NanoChallenge1App.swift */,
			);
			path = Shared;
			sourceTree = "<group>";
		};
		C0B72342281F9FA2002CCFB0 /* Products */ = {
			isa = PBXGroup;
			children = (
				C0B72341281F9FA2002CCFB0 /* NanoChallenge1.app */,
				C0B72347281F9FA2002CCFB0 /* NanoChallenge1.app */,
			);
			name = Products;
			sourceTree = "<group>";
		};
		C0B72358281FA098002CCFB0 /* View */ = {
			isa = PBXGroup;
			children = (
				C08755FF28217678002BC996 /* HomeView.swift */,
				C08756172822B965002BC996 /* InfinityCarouselView.swift */,
				C08756192822BABF002BC996 /* CarouselCellView.swift */,
				C087560E2821FF2B002BC996 /* BookDetailView.swift */,
				C0B7235F281FC649002CCFB0 /* BookListCellView.swift */,
				C087560228217E7B002BC996 /* BookInfoAlertVIew.swift */,
				C087561428221E7B002BC996 /* ReferenceSubCellView.swift */,
				C042738A2823AC2600F292DA /* AllRefCellView.swift */,
				C042738C28240F9700F292DA /* StudyCellView.swift */,
				C042738E2824200900F292DA /* StudyAlertView.swift */,
			);
			path = View;
			sourceTree = "<group>";
		};
/* End PBXGroup section */

/* Begin PBXNativeTarget section */
		C0B72340281F9FA2002CCFB0 /* NanoChallenge1 (iOS) */ = {
			isa = PBXNativeTarget;
			buildConfigurationList = C0B72352281F9FA2002CCFB0 /* Build configuration list for PBXNativeTarget "NanoChallenge1 (iOS)" */;
			buildPhases = (
				C0B7233D281F9FA2002CCFB0 /* Sources */,
				C0B7233E281F9FA2002CCFB0 /* Frameworks */,
				C0B7233F281F9FA2002CCFB0 /* Resources */,
			);
			buildRules = (
			);
			dependencies = (
			);
			name = "NanoChallenge1 (iOS)";
			packageProductDependencies = (
			);
			productName = "NanoChallenge1 (iOS)";
			productReference = C0B72341281F9FA2002CCFB0 /* NanoChallenge1.app */;
			productType = "com.apple.product-type.application";
		};
		C0B72346281F9FA2002CCFB0 /* NanoChallenge1 (macOS) */ = {
			isa = PBXNativeTarget;
			buildConfigurationList = C0B72355281F9FA2002CCFB0 /* Build configuration list for PBXNativeTarget "NanoChallenge1 (macOS)" */;
			buildPhases = (
				C0B72343281F9FA2002CCFB0 /* Sources */,
				C0B72344281F9FA2002CCFB0 /* Frameworks */,
				C0B72345281F9FA2002CCFB0 /* Resources */,
			);
			buildRules = (
			);
			dependencies = (
			);
			name = "NanoChallenge1 (macOS)";
			productName = "NanoChallenge1 (macOS)";
			productReference = C0B72347281F9FA2002CCFB0 /* NanoChallenge1.app */;
			productType = "com.apple.product-type.application";
		};
/* End PBXNativeTarget section */

/* Begin PBXProject section */
		C0B72335281F9FA1002CCFB0 /* Project object */ = {
			isa = PBXProject;
			attributes = {
				BuildIndependentTargetsInParallel = 1;
				LastSwiftUpdateCheck = 1330;
				LastUpgradeCheck = 1330;
				TargetAttributes = {
					C0B72340281F9FA2002CCFB0 = {
						CreatedOnToolsVersion = 13.3.1;
					};
					C0B72346281F9FA2002CCFB0 = {
						CreatedOnToolsVersion = 13.3.1;
					};
				};
			};
			buildConfigurationList = C0B72338281F9FA1002CCFB0 /* Build configuration list for PBXProject "NanoChallenge1" */;
			compatibilityVersion = "Xcode 13.0";
			developmentRegion = en;
			hasScannedForEncodings = 0;
			knownRegions = (
				en,
				Base,
			);
			mainGroup = C0B72334281F9FA1002CCFB0;
			packageReferences = (
			);
			productRefGroup = C0B72342281F9FA2002CCFB0 /* Products */;
			projectDirPath = "";
			projectRoot = "";
			targets = (
				C0B72340281F9FA2002CCFB0 /* NanoChallenge1 (iOS) */,
				C0B72346281F9FA2002CCFB0 /* NanoChallenge1 (macOS) */,
			);
		};
/* End PBXProject section */

/* Begin PBXResourcesBuildPhase section */
		C0B7233F281F9FA2002CCFB0 /* Resources */ = {
			isa = PBXResourcesBuildPhase;
			buildActionMask = 2147483647;
			files = (
				C0B7234E281F9FA2002CCFB0 /* Assets.xcassets in Resources */,
			);
			runOnlyForDeploymentPostprocessing = 0;
		};
		C0B72345281F9FA2002CCFB0 /* Resources */ = {
			isa = PBXResourcesBuildPhase;
			buildActionMask = 2147483647;
			files = (
				C0B7234F281F9FA2002CCFB0 /* Assets.xcassets in Resources */,
			);
			runOnlyForDeploymentPostprocessing = 0;
		};
/* End PBXResourcesBuildPhase section */

/* Begin PBXSourcesBuildPhase section */
		C0B7233D281F9FA2002CCFB0 /* Sources */ = {
			isa = PBXSourcesBuildPhase;
			buildActionMask = 2147483647;
			files = (
				C042738B2823AC2600F292DA /* AllRefCellView.swift in Sources */,
				C042738D28240F9700F292DA /* StudyCellView.swift in Sources */,
				C08755FD282172F1002BC996 /* CarouselView.swift in Sources */,
				C087561228220B06002BC996 /* TestView11.swift in Sources */,
				C08756182822B965002BC996 /* InfinityCarouselView.swift in Sources */,
				C087561528221E7B002BC996 /* ReferenceSubCellView.swift in Sources */,
				C087560F2821FF2B002BC996 /* BookDetailView.swift in Sources */,
				C087561A2822BABF002BC996 /* CarouselCellView.swift in Sources */,
				C0B7235A281FA651002CCFB0 /* model.swift in Sources */,
				C042738F2824200900F292DA /* StudyAlertView.swift in Sources */,
				C087560028217678002BC996 /* HomeView.swift in Sources */,
				C0B7234A281F9FA2002CCFB0 /* NanoChallenge1App.swift in Sources */,
				C0B72360281FC649002CCFB0 /* BookListCellView.swift in Sources */,
				C087560328217E7B002BC996 /* BookInfoAlertVIew.swift in Sources */,
			);
			runOnlyForDeploymentPostprocessing = 0;
		};
		C0B72343281F9FA2002CCFB0 /* Sources */ = {
			isa = PBXSourcesBuildPhase;
			buildActionMask = 2147483647;
			files = (
				C08755FE282172F1002BC996 /* CarouselView.swift in Sources */,
				C087561328220B06002BC996 /* TestView11.swift in Sources */,
				C087561628221E7B002BC996 /* ReferenceSubCellView.swift in Sources */,
				C08756102821FF2B002BC996 /* BookDetailView.swift in Sources */,
				C0B7235B281FA651002CCFB0 /* model.swift in Sources */,
				C087560128217678002BC996 /* HomeView.swift in Sources */,
				C0B7234B281F9FA2002CCFB0 /* NanoChallenge1App.swift in Sources */,
				C0B72361281FC649002CCFB0 /* BookListCellView.swift in Sources */,
				C087560428217E7B002BC996 /* BookInfoAlertVIew.swift in Sources */,
			);
			runOnlyForDeploymentPostprocessing = 0;
		};
/* End PBXSourcesBuildPhase section */

/* Begin XCBuildConfiguration section */
		C0B72350281F9FA2002CCFB0 /* Debug */ = {
			isa = XCBuildConfiguration;
			buildSettings = {
				ALWAYS_SEARCH_USER_PATHS = NO;
				CLANG_ANALYZER_NONNULL = YES;
				CLANG_ANALYZER_NUMBER_OBJECT_CONVERSION = YES_AGGRESSIVE;
				CLANG_CXX_LANGUAGE_STANDARD = "gnu++17";
				CLANG_ENABLE_MODULES = YES;
				CLANG_ENABLE_OBJC_ARC = YES;
				CLANG_ENABLE_OBJC_WEAK = YES;
				CLANG_WARN_BLOCK_CAPTURE_AUTORELEASING = YES;
				CLANG_WARN_BOOL_CONVERSION = YES;
				CLANG_WARN_COMMA = YES;
				CLANG_WARN_CONSTANT_CONVERSION = YES;
				CLANG_WARN_DEPRECATED_OBJC_IMPLEMENTATIONS = YES;
				CLANG_WARN_DIRECT_OBJC_ISA_USAGE = YES_ERROR;
				CLANG_WARN_DOCUMENTATION_COMMENTS = YES;
				CLANG_WARN_EMPTY_BODY = YES;
				CLANG_WARN_ENUM_CONVERSION = YES;
				CLANG_WARN_INFINITE_RECURSION = YES;
				CLANG_WARN_INT_CONVERSION = YES;
				CLANG_WARN_NON_LITERAL_NULL_CONVERSION = YES;
				CLANG_WARN_OBJC_IMPLICIT_RETAIN_SELF = YES;
				CLANG_WARN_OBJC_LITERAL_CONVERSION = YES;
				CLANG_WARN_OBJC_ROOT_CLASS = YES_ERROR;
				CLANG_WARN_QUOTED_INCLUDE_IN_FRAMEWORK_HEADER = YES;
				CLANG_WARN_RANGE_LOOP_ANALYSIS = YES;
				CLANG_WARN_STRICT_PROTOTYPES = YES;
				CLANG_WARN_SUSPICIOUS_MOVE = YES;
				CLANG_WARN_UNGUARDED_AVAILABILITY = YES_AGGRESSIVE;
				CLANG_WARN_UNREACHABLE_CODE = YES;
				CLANG_WARN__DUPLICATE_METHOD_MATCH = YES;
				COPY_PHASE_STRIP = NO;
				DEBUG_INFORMATION_FORMAT = dwarf;
				ENABLE_STRICT_OBJC_MSGSEND = YES;
				ENABLE_TESTABILITY = YES;
				GCC_C_LANGUAGE_STANDARD = gnu11;
				GCC_DYNAMIC_NO_PIC = NO;
				GCC_NO_COMMON_BLOCKS = YES;
				GCC_OPTIMIZATION_LEVEL = 0;
				GCC_PREPROCESSOR_DEFINITIONS = (
					"DEBUG=1",
					"$(inherited)",
				);
				GCC_WARN_64_TO_32_BIT_CONVERSION = YES;
				GCC_WARN_ABOUT_RETURN_TYPE = YES_ERROR;
				GCC_WARN_UNDECLARED_SELECTOR = YES;
				GCC_WARN_UNINITIALIZED_AUTOS = YES_AGGRESSIVE;
				GCC_WARN_UNUSED_FUNCTION = YES;
				GCC_WARN_UNUSED_VARIABLE = YES;
				MTL_ENABLE_DEBUG_INFO = INCLUDE_SOURCE;
				MTL_FAST_MATH = YES;
				ONLY_ACTIVE_ARCH = YES;
				SWIFT_ACTIVE_COMPILATION_CONDITIONS = DEBUG;
				SWIFT_OPTIMIZATION_LEVEL = "-Onone";
			};
			name = Debug;
		};
		C0B72351281F9FA2002CCFB0 /* Release */ = {
			isa = XCBuildConfiguration;
			buildSettings = {
				ALWAYS_SEARCH_USER_PATHS = NO;
				CLANG_ANALYZER_NONNULL = YES;
				CLANG_ANALYZER_NUMBER_OBJECT_CONVERSION = YES_AGGRESSIVE;
				CLANG_CXX_LANGUAGE_STANDARD = "gnu++17";
				CLANG_ENABLE_MODULES = YES;
				CLANG_ENABLE_OBJC_ARC = YES;
				CLANG_ENABLE_OBJC_WEAK = YES;
				CLANG_WARN_BLOCK_CAPTURE_AUTORELEASING = YES;
				CLANG_WARN_BOOL_CONVERSION = YES;
				CLANG_WARN_COMMA = YES;
				CLANG_WARN_CONSTANT_CONVERSION = YES;
				CLANG_WARN_DEPRECATED_OBJC_IMPLEMENTATIONS = YES;
				CLANG_WARN_DIRECT_OBJC_ISA_USAGE = YES_ERROR;
				CLANG_WARN_DOCUMENTATION_COMMENTS = YES;
				CLANG_WARN_EMPTY_BODY = YES;
				CLANG_WARN_ENUM_CONVERSION = YES;
				CLANG_WARN_INFINITE_RECURSION = YES;
				CLANG_WARN_INT_CONVERSION = YES;
				CLANG_WARN_NON_LITERAL_NULL_CONVERSION = YES;
				CLANG_WARN_OBJC_IMPLICIT_RETAIN_SELF = YES;
				CLANG_WARN_OBJC_LITERAL_CONVERSION = YES;
				CLANG_WARN_OBJC_ROOT_CLASS = YES_ERROR;
				CLANG_WARN_QUOTED_INCLUDE_IN_FRAMEWORK_HEADER = YES;
				CLANG_WARN_RANGE_LOOP_ANALYSIS = YES;
				CLANG_WARN_STRICT_PROTOTYPES = YES;
				CLANG_WARN_SUSPICIOUS_MOVE = YES;
				CLANG_WARN_UNGUARDED_AVAILABILITY = YES_AGGRESSIVE;
				CLANG_WARN_UNREACHABLE_CODE = YES;
				CLANG_WARN__DUPLICATE_METHOD_MATCH = YES;
				COPY_PHASE_STRIP = NO;
				DEBUG_INFORMATION_FORMAT = "dwarf-with-dsym";
				ENABLE_NS_ASSERTIONS = NO;
				ENABLE_STRICT_OBJC_MSGSEND = YES;
				GCC_C_LANGUAGE_STANDARD = gnu11;
				GCC_NO_COMMON_BLOCKS = YES;
				GCC_WARN_64_TO_32_BIT_CONVERSION = YES;
				GCC_WARN_ABOUT_RETURN_TYPE = YES_ERROR;
				GCC_WARN_UNDECLARED_SELECTOR = YES;
				GCC_WARN_UNINITIALIZED_AUTOS = YES_AGGRESSIVE;
				GCC_WARN_UNUSED_FUNCTION = YES;
				GCC_WARN_UNUSED_VARIABLE = YES;
				MTL_ENABLE_DEBUG_INFO = NO;
				MTL_FAST_MATH = YES;
				SWIFT_COMPILATION_MODE = wholemodule;
				SWIFT_OPTIMIZATION_LEVEL = "-O";
			};
			name = Release;
		};
		C0B72353281F9FA2002CCFB0 /* Debug */ = {
			isa = XCBuildConfiguration;
			buildSettings = {
				ASSETCATALOG_COMPILER_APPICON_NAME = AppIcon;
				ASSETCATALOG_COMPILER_GLOBAL_ACCENT_COLOR_NAME = AccentColor;
				CODE_SIGN_STYLE = Automatic;
				CURRENT_PROJECT_VERSION = 1;
				DEVELOPMENT_TEAM = Z225784MRD;
				ENABLE_PREVIEWS = YES;
				GENERATE_INFOPLIST_FILE = YES;
				INFOPLIST_KEY_UIApplicationSceneManifest_Generation = YES;
				INFOPLIST_KEY_UIApplicationSupportsIndirectInputEvents = YES;
				INFOPLIST_KEY_UILaunchScreen_Generation = YES;
				INFOPLIST_KEY_UISupportedInterfaceOrientations_iPad = "UIInterfaceOrientationPortrait UIInterfaceOrientationPortraitUpsideDown UIInterfaceOrientationLandscapeLeft UIInterfaceOrientationLandscapeRight";
				INFOPLIST_KEY_UISupportedInterfaceOrientations_iPhone = "UIInterfaceOrientationPortrait UIInterfaceOrientationLandscapeLeft UIInterfaceOrientationLandscapeRight";
				IPHONEOS_DEPLOYMENT_TARGET = 15.4;
				LD_RUNPATH_SEARCH_PATHS = (
					"$(inherited)",
					"@executable_path/Frameworks",
				);
				MARKETING_VERSION = 1.0;
				PRODUCT_BUNDLE_IDENTIFIER = NanoChallenge1.NanoChallenge1;
				PRODUCT_NAME = NanoChallenge1;
				SDKROOT = iphoneos;
				SWIFT_EMIT_LOC_STRINGS = YES;
				SWIFT_VERSION = 5.0;
				TARGETED_DEVICE_FAMILY = "1,2";
			};
			name = Debug;
		};
		C0B72354281F9FA2002CCFB0 /* Release */ = {
			isa = XCBuildConfiguration;
			buildSettings = {
				ASSETCATALOG_COMPILER_APPICON_NAME = AppIcon;
				ASSETCATALOG_COMPILER_GLOBAL_ACCENT_COLOR_NAME = AccentColor;
				CODE_SIGN_STYLE = Automatic;
				CURRENT_PROJECT_VERSION = 1;
				DEVELOPMENT_TEAM = Z225784MRD;
				ENABLE_PREVIEWS = YES;
				GENERATE_INFOPLIST_FILE = YES;
				INFOPLIST_KEY_UIApplicationSceneManifest_Generation = YES;
				INFOPLIST_KEY_UIApplicationSupportsIndirectInputEvents = YES;
				INFOPLIST_KEY_UILaunchScreen_Generation = YES;
				INFOPLIST_KEY_UISupportedInterfaceOrientations_iPad = "UIInterfaceOrientationPortrait UIInterfaceOrientationPortraitUpsideDown UIInterfaceOrientationLandscapeLeft UIInterfaceOrientationLandscapeRight";
				INFOPLIST_KEY_UISupportedInterfaceOrientations_iPhone = "UIInterfaceOrientationPortrait UIInterfaceOrientationLandscapeLeft UIInterfaceOrientationLandscapeRight";
				IPHONEOS_DEPLOYMENT_TARGET = 15.4;
				LD_RUNPATH_SEARCH_PATHS = (
					"$(inherited)",
					"@executable_path/Frameworks",
				);
				MARKETING_VERSION = 1.0;
				PRODUCT_BUNDLE_IDENTIFIER = NanoChallenge1.NanoChallenge1;
				PRODUCT_NAME = NanoChallenge1;
				SDKROOT = iphoneos;
				SWIFT_EMIT_LOC_STRINGS = YES;
				SWIFT_VERSION = 5.0;
				TARGETED_DEVICE_FAMILY = "1,2";
				VALIDATE_PRODUCT = YES;
			};
			name = Release;
		};
		C0B72356281F9FA2002CCFB0 /* Debug */ = {
			isa = XCBuildConfiguration;
			buildSettings = {
				ASSETCATALOG_COMPILER_APPICON_NAME = AppIcon;
				ASSETCATALOG_COMPILER_GLOBAL_ACCENT_COLOR_NAME = AccentColor;
				CODE_SIGN_ENTITLEMENTS = macOS/macOS.entitlements;
				CODE_SIGN_IDENTITY = "-";
				CODE_SIGN_STYLE = Automatic;
				COMBINE_HIDPI_IMAGES = YES;
				CURRENT_PROJECT_VERSION = 1;
				DEVELOPMENT_TEAM = Z225784MRD;
				ENABLE_HARDENED_RUNTIME = YES;
				ENABLE_PREVIEWS = YES;
				GENERATE_INFOPLIST_FILE = YES;
				INFOPLIST_KEY_NSHumanReadableCopyright = "";
				LD_RUNPATH_SEARCH_PATHS = (
					"$(inherited)",
					"@executable_path/../Frameworks",
				);
				MACOSX_DEPLOYMENT_TARGET = 12.3;
				MARKETING_VERSION = 1.0;
				PRODUCT_BUNDLE_IDENTIFIER = NanoChallenge1.NanoChallenge1;
				PRODUCT_NAME = NanoChallenge1;
				SDKROOT = macosx;
				SWIFT_EMIT_LOC_STRINGS = YES;
				SWIFT_VERSION = 5.0;
			};
			name = Debug;
		};
		C0B72357281F9FA2002CCFB0 /* Release */ = {
			isa = XCBuildConfiguration;
			buildSettings = {
				ASSETCATALOG_COMPILER_APPICON_NAME = AppIcon;
				ASSETCATALOG_COMPILER_GLOBAL_ACCENT_COLOR_NAME = AccentColor;
				CODE_SIGN_ENTITLEMENTS = macOS/macOS.entitlements;
				CODE_SIGN_IDENTITY = "-";
				CODE_SIGN_STYLE = Automatic;
				COMBINE_HIDPI_IMAGES = YES;
				CURRENT_PROJECT_VERSION = 1;
				DEVELOPMENT_TEAM = Z225784MRD;
				ENABLE_HARDENED_RUNTIME = YES;
				ENABLE_PREVIEWS = YES;
				GENERATE_INFOPLIST_FILE = YES;
				INFOPLIST_KEY_NSHumanReadableCopyright = "";
				LD_RUNPATH_SEARCH_PATHS = (
					"$(inherited)",
					"@executable_path/../Frameworks",
				);
				MACOSX_DEPLOYMENT_TARGET = 12.3;
				MARKETING_VERSION = 1.0;
				PRODUCT_BUNDLE_IDENTIFIER = NanoChallenge1.NanoChallenge1;
				PRODUCT_NAME = NanoChallenge1;
				SDKROOT = macosx;
				SWIFT_EMIT_LOC_STRINGS = YES;
				SWIFT_VERSION = 5.0;
			};
			name = Release;
		};
/* End XCBuildConfiguration section */

/* Begin XCConfigurationList section */
		C0B72338281F9FA1002CCFB0 /* Build configuration list for PBXProject "NanoChallenge1" */ = {
			isa = XCConfigurationList;
			buildConfigurations = (
				C0B72350281F9FA2002CCFB0 /* Debug */,
				C0B72351281F9FA2002CCFB0 /* Release */,
			);
			defaultConfigurationIsVisible = 0;
			defaultConfigurationName = Release;
		};
		C0B72352281F9FA2002CCFB0 /* Build configuration list for PBXNativeTarget "NanoChallenge1 (iOS)" */ = {
			isa = XCConfigurationList;
			buildConfigurations = (
				C0B72353281F9FA2002CCFB0 /* Debug */,
				C0B72354281F9FA2002CCFB0 /* Release */,
			);
			defaultConfigurationIsVisible = 0;
			defaultConfigurationName = Release;
		};
		C0B72355281F9FA2002CCFB0 /* Build configuration list for PBXNativeTarget "NanoChallenge1 (macOS)" */ = {
			isa = XCConfigurationList;
			buildConfigurations = (
				C0B72356281F9FA2002CCFB0 /* Debug */,
				C0B72357281F9FA2002CCFB0 /* Release */,
			);
			defaultConfigurationIsVisible = 0;
			defaultConfigurationName = Release;
		};
/* End XCConfigurationList section */
	};
	rootObject = C0B72335281F9FA1002CCFB0 /* Project object */;
}
