// !$*UTF8*$!
{
	archiveVersion = 1;
	classes = {
	};
	objectVersion = 55;
	objects = {

/* Begin PBXBuildFile section */
		C03E27322820AB5C001A201C /* SwiftUI_TabView_refApp.swift in Sources */ = {isa = PBXBuildFile; fileRef = C03E27222820AB5B001A201C /* SwiftUI_TabView_refApp.swift */; };
		C03E27332820AB5C001A201C /* SwiftUI_TabView_refApp.swift in Sources */ = {isa = PBXBuildFile; fileRef = C03E27222820AB5B001A201C /* SwiftUI_TabView_refApp.swift */; };
		C03E27342820AB5C001A201C /* ContentView.swift in Sources */ = {isa = PBXBuildFile; fileRef = C03E27232820AB5B001A201C /* ContentView.swift */; };
		C03E27352820AB5C001A201C /* ContentView.swift in Sources */ = {isa = PBXBuildFile; fileRef = C03E27232820AB5B001A201C /* ContentView.swift */; };
		C03E27362820AB5C001A201C /* Assets.xcassets in Resources */ = {isa = PBXBuildFile; fileRef = C03E27242820AB5C001A201C /* Assets.xcassets */; };
		C03E27372820AB5C001A201C /* Assets.xcassets in Resources */ = {isa = PBXBuildFile; fileRef = C03E27242820AB5C001A201C /* Assets.xcassets */; };
		C03E27432820ACB2001A201C /* Home.swift in Sources */ = {isa = PBXBuildFile; fileRef = C03E27422820ACB2001A201C /* Home.swift */; };
		C03E27452820AD34001A201C /* Models.swift in Sources */ = {isa = PBXBuildFile; fileRef = C03E27442820AD34001A201C /* Models.swift */; };
		C03E27472820C82E001A201C /* CustomCorner.swift in Sources */ = {isa = PBXBuildFile; fileRef = C03E27462820C82E001A201C /* CustomCorner.swift */; };
		C03E27492820D05A001A201C /* Tab.swift in Sources */ = {isa = PBXBuildFile; fileRef = C03E27482820D05A001A201C /* Tab.swift */; };
		C03E274B2820D28A001A201C /* InfiniteCarouselView.swift in Sources */ = {isa = PBXBuildFile; fileRef = C03E274A2820D28A001A201C /* InfiniteCarouselView.swift */; };
/* End PBXBuildFile section */

/* Begin PBXFileReference section */
		C03E27222820AB5B001A201C /* SwiftUI_TabView_refApp.swift */ = {isa = PBXFileReference; lastKnownFileType = sourcecode.swift; path = SwiftUI_TabView_refApp.swift; sourceTree = "<group>"; };
		C03E27232820AB5B001A201C /* ContentView.swift */ = {isa = PBXFileReference; lastKnownFileType = sourcecode.swift; path = ContentView.swift; sourceTree = "<group>"; };
		C03E27242820AB5C001A201C /* Assets.xcassets */ = {isa = PBXFileReference; lastKnownFileType = folder.assetcatalog; path = Assets.xcassets; sourceTree = "<group>"; };
		C03E27292820AB5C001A201C /* SwiftUI_TabView_ref.app */ = {isa = PBXFileReference; explicitFileType = wrapper.application; includeInIndex = 0; path = SwiftUI_TabView_ref.app; sourceTree = BUILT_PRODUCTS_DIR; };
		C03E272F2820AB5C001A201C /* SwiftUI_TabView_ref.app */ = {isa = PBXFileReference; explicitFileType = wrapper.application; includeInIndex = 0; path = SwiftUI_TabView_ref.app; sourceTree = BUILT_PRODUCTS_DIR; };
		C03E27422820ACB2001A201C /* Home.swift */ = {isa = PBXFileReference; lastKnownFileType = sourcecode.swift; path = Home.swift; sourceTree = "<group>"; };
		C03E27442820AD34001A201C /* Models.swift */ = {isa = PBXFileReference; lastKnownFileType = sourcecode.swift; path = Models.swift; sourceTree = "<group>"; };
		C03E27462820C82E001A201C /* CustomCorner.swift */ = {isa = PBXFileReference; lastKnownFileType = sourcecode.swift; path = CustomCorner.swift; sourceTree = "<group>"; };
		C03E27482820D05A001A201C /* Tab.swift */ = {isa = PBXFileReference; lastKnownFileType = sourcecode.swift; path = Tab.swift; sourceTree = "<group>"; };
		C03E274A2820D28A001A201C /* InfiniteCarouselView.swift */ = {isa = PBXFileReference; lastKnownFileType = sourcecode.swift; path = InfiniteCarouselView.swift; sourceTree = "<group>"; };
/* End PBXFileReference section */

/* Begin PBXFrameworksBuildPhase section */
		C03E27262820AB5C001A201C /* Frameworks */ = {
			isa = PBXFrameworksBuildPhase;
			buildActionMask = 2147483647;
			files = (
			);
			runOnlyForDeploymentPostprocessing = 0;
		};
		C03E272C2820AB5C001A201C /* Frameworks */ = {
			isa = PBXFrameworksBuildPhase;
			buildActionMask = 2147483647;
			files = (
			);
			runOnlyForDeploymentPostprocessing = 0;
		};
/* End PBXFrameworksBuildPhase section */

/* Begin PBXGroup section */
		C03E271C2820AB5B001A201C = {
			isa = PBXGroup;
			children = (
				C03E27212820AB5B001A201C /* Shared */,
				C03E272A2820AB5C001A201C /* Products */,
			);
			sourceTree = "<group>";
		};
		C03E27212820AB5B001A201C /* Shared */ = {
			isa = PBXGroup;
			children = (
				C03E27412820AC90001A201C /* Model */,
				C03E27402820AC62001A201C /* VIew */,
				C03E27222820AB5B001A201C /* SwiftUI_TabView_refApp.swift */,
				C03E27232820AB5B001A201C /* ContentView.swift */,
				C03E27242820AB5C001A201C /* Assets.xcassets */,
			);
			path = Shared;
			sourceTree = "<group>";
		};
		C03E272A2820AB5C001A201C /* Products */ = {
			isa = PBXGroup;
			children = (
				C03E27292820AB5C001A201C /* SwiftUI_TabView_ref.app */,
				C03E272F2820AB5C001A201C /* SwiftUI_TabView_ref.app */,
			);
			name = Products;
			sourceTree = "<group>";
		};
		C03E27402820AC62001A201C /* VIew */ = {
			isa = PBXGroup;
			children = (
				C03E27422820ACB2001A201C /* Home.swift */,
				C03E27462820C82E001A201C /* CustomCorner.swift */,
				C03E274A2820D28A001A201C /* InfiniteCarouselView.swift */,
			);
			path = VIew;
			sourceTree = "<group>";
		};
		C03E27412820AC90001A201C /* Model */ = {
			isa = PBXGroup;
			children = (
				C03E27442820AD34001A201C /* Models.swift */,
				C03E27482820D05A001A201C /* Tab.swift */,
			);
			path = Model;
			sourceTree = "<group>";
		};
/* End PBXGroup section */

/* Begin PBXNativeTarget section */
		C03E27282820AB5C001A201C /* SwiftUI_TabView_ref (iOS) */ = {
			isa = PBXNativeTarget;
			buildConfigurationList = C03E273A2820AB5C001A201C /* Build configuration list for PBXNativeTarget "SwiftUI_TabView_ref (iOS)" */;
			buildPhases = (
				C03E27252820AB5C001A201C /* Sources */,
				C03E27262820AB5C001A201C /* Frameworks */,
				C03E27272820AB5C001A201C /* Resources */,
			);
			buildRules = (
			);
			dependencies = (
			);
			name = "SwiftUI_TabView_ref (iOS)";
			productName = "SwiftUI_TabView_ref (iOS)";
			productReference = C03E27292820AB5C001A201C /* SwiftUI_TabView_ref.app */;
			productType = "com.apple.product-type.application";
		};
		C03E272E2820AB5C001A201C /* SwiftUI_TabView_ref (macOS) */ = {
			isa = PBXNativeTarget;
			buildConfigurationList = C03E273D2820AB5C001A201C /* Build configuration list for PBXNativeTarget "SwiftUI_TabView_ref (macOS)" */;
			buildPhases = (
				C03E272B2820AB5C001A201C /* Sources */,
				C03E272C2820AB5C001A201C /* Frameworks */,
				C03E272D2820AB5C001A201C /* Resources */,
			);
			buildRules = (
			);
			dependencies = (
			);
			name = "SwiftUI_TabView_ref (macOS)";
			productName = "SwiftUI_TabView_ref (macOS)";
			productReference = C03E272F2820AB5C001A201C /* SwiftUI_TabView_ref.app */;
			productType = "com.apple.product-type.application";
		};
/* End PBXNativeTarget section */

/* Begin PBXProject section */
		C03E271D2820AB5B001A201C /* Project object */ = {
			isa = PBXProject;
			attributes = {
				BuildIndependentTargetsInParallel = 1;
				LastSwiftUpdateCheck = 1330;
				LastUpgradeCheck = 1330;
				TargetAttributes = {
					C03E27282820AB5C001A201C = {
						CreatedOnToolsVersion = 13.3.1;
					};
					C03E272E2820AB5C001A201C = {
						CreatedOnToolsVersion = 13.3.1;
					};
				};
			};
			buildConfigurationList = C03E27202820AB5B001A201C /* Build configuration list for PBXProject "SwiftUI_TabView_ref" */;
			compatibilityVersion = "Xcode 13.0";
			developmentRegion = en;
			hasScannedForEncodings = 0;
			knownRegions = (
				en,
				Base,
			);
			mainGroup = C03E271C2820AB5B001A201C;
			productRefGroup = C03E272A2820AB5C001A201C /* Products */;
			projectDirPath = "";
			projectRoot = "";
			targets = (
				C03E27282820AB5C001A201C /* SwiftUI_TabView_ref (iOS) */,
				C03E272E2820AB5C001A201C /* SwiftUI_TabView_ref (macOS) */,
			);
		};
/* End PBXProject section */

/* Begin PBXResourcesBuildPhase section */
		C03E27272820AB5C001A201C /* Resources */ = {
			isa = PBXResourcesBuildPhase;
			buildActionMask = 2147483647;
			files = (
				C03E27362820AB5C001A201C /* Assets.xcassets in Resources */,
			);
			runOnlyForDeploymentPostprocessing = 0;
		};
		C03E272D2820AB5C001A201C /* Resources */ = {
			isa = PBXResourcesBuildPhase;
			buildActionMask = 2147483647;
			files = (
				C03E27372820AB5C001A201C /* Assets.xcassets in Resources */,
			);
			runOnlyForDeploymentPostprocessing = 0;
		};
/* End PBXResourcesBuildPhase section */

/* Begin PBXSourcesBuildPhase section */
		C03E27252820AB5C001A201C /* Sources */ = {
			isa = PBXSourcesBuildPhase;
			buildActionMask = 2147483647;
			files = (
				C03E27342820AB5C001A201C /* ContentView.swift in Sources */,
				C03E27472820C82E001A201C /* CustomCorner.swift in Sources */,
				C03E27432820ACB2001A201C /* Home.swift in Sources */,
				C03E27492820D05A001A201C /* Tab.swift in Sources */,
				C03E274B2820D28A001A201C /* InfiniteCarouselView.swift in Sources */,
				C03E27322820AB5C001A201C /* SwiftUI_TabView_refApp.swift in Sources */,
				C03E27452820AD34001A201C /* Models.swift in Sources */,
			);
			runOnlyForDeploymentPostprocessing = 0;
		};
		C03E272B2820AB5C001A201C /* Sources */ = {
			isa = PBXSourcesBuildPhase;
			buildActionMask = 2147483647;
			files = (
				C03E27352820AB5C001A201C /* ContentView.swift in Sources */,
				C03E27332820AB5C001A201C /* SwiftUI_TabView_refApp.swift in Sources */,
			);
			runOnlyForDeploymentPostprocessing = 0;
		};
/* End PBXSourcesBuildPhase section */

/* Begin XCBuildConfiguration section */
		C03E27382820AB5C001A201C /* Debug */ = {
			isa = XCBuildConfiguration;
			buildSettings = {
				ALWAYS_SEARCH_USER_PATHS = NO;
				CLANG_ANALYZER_NONNULL = YES;
				CLANG_ANALYZER_NUMBER_OBJECT_CONVERSION = YES_AGGRESSIVE;
				CLANG_CXX_LANGUAGE_STANDARD = "gnu++17";
				CLANG_ENABLE_MODULES = YES;
				CLANG_ENABLE_OBJC_ARC = YES;
				CLANG_ENABLE_OBJC_WEAK = YES;
				CLANG_WARN_BLOCK_CAPTURE_AUTORELEASING = YES;
				CLANG_WARN_BOOL_CONVERSION = YES;
				CLANG_WARN_COMMA = YES;
				CLANG_WARN_CONSTANT_CONVERSION = YES;
				CLANG_WARN_DEPRECATED_OBJC_IMPLEMENTATIONS = YES;
				CLANG_WARN_DIRECT_OBJC_ISA_USAGE = YES_ERROR;
				CLANG_WARN_DOCUMENTATION_COMMENTS = YES;
				CLANG_WARN_EMPTY_BODY = YES;
				CLANG_WARN_ENUM_CONVERSION = YES;
				CLANG_WARN_INFINITE_RECURSION = YES;
				CLANG_WARN_INT_CONVERSION = YES;
				CLANG_WARN_NON_LITERAL_NULL_CONVERSION = YES;
				CLANG_WARN_OBJC_IMPLICIT_RETAIN_SELF = YES;
				CLANG_WARN_OBJC_LITERAL_CONVERSION = YES;
				CLANG_WARN_OBJC_ROOT_CLASS = YES_ERROR;
				CLANG_WARN_QUOTED_INCLUDE_IN_FRAMEWORK_HEADER = YES;
				CLANG_WARN_RANGE_LOOP_ANALYSIS = YES;
				CLANG_WARN_STRICT_PROTOTYPES = YES;
				CLANG_WARN_SUSPICIOUS_MOVE = YES;
				CLANG_WARN_UNGUARDED_AVAILABILITY = YES_AGGRESSIVE;
				CLANG_WARN_UNREACHABLE_CODE = YES;
				CLANG_WARN__DUPLICATE_METHOD_MATCH = YES;
				COPY_PHASE_STRIP = NO;
				DEBUG_INFORMATION_FORMAT = dwarf;
				ENABLE_STRICT_OBJC_MSGSEND = YES;
				ENABLE_TESTABILITY = YES;
				GCC_C_LANGUAGE_STANDARD = gnu11;
				GCC_DYNAMIC_NO_PIC = NO;
				GCC_NO_COMMON_BLOCKS = YES;
				GCC_OPTIMIZATION_LEVEL = 0;
				GCC_PREPROCESSOR_DEFINITIONS = (
					"DEBUG=1",
					"$(inherited)",
				);
				GCC_WARN_64_TO_32_BIT_CONVERSION = YES;
				GCC_WARN_ABOUT_RETURN_TYPE = YES_ERROR;
				GCC_WARN_UNDECLARED_SELECTOR = YES;
				GCC_WARN_UNINITIALIZED_AUTOS = YES_AGGRESSIVE;
				GCC_WARN_UNUSED_FUNCTION = YES;
				GCC_WARN_UNUSED_VARIABLE = YES;
				MTL_ENABLE_DEBUG_INFO = INCLUDE_SOURCE;
				MTL_FAST_MATH = YES;
				ONLY_ACTIVE_ARCH = YES;
				SWIFT_ACTIVE_COMPILATION_CONDITIONS = DEBUG;
				SWIFT_OPTIMIZATION_LEVEL = "-Onone";
			};
			name = Debug;
		};
		C03E27392820AB5C001A201C /* Release */ = {
			isa = XCBuildConfiguration;
			buildSettings = {
				ALWAYS_SEARCH_USER_PATHS = NO;
				CLANG_ANALYZER_NONNULL = YES;
				CLANG_ANALYZER_NUMBER_OBJECT_CONVERSION = YES_AGGRESSIVE;
				CLANG_CXX_LANGUAGE_STANDARD = "gnu++17";
				CLANG_ENABLE_MODULES = YES;
				CLANG_ENABLE_OBJC_ARC = YES;
				CLANG_ENABLE_OBJC_WEAK = YES;
				CLANG_WARN_BLOCK_CAPTURE_AUTORELEASING = YES;
				CLANG_WARN_BOOL_CONVERSION = YES;
				CLANG_WARN_COMMA = YES;
				CLANG_WARN_CONSTANT_CONVERSION = YES;
				CLANG_WARN_DEPRECATED_OBJC_IMPLEMENTATIONS = YES;
				CLANG_WARN_DIRECT_OBJC_ISA_USAGE = YES_ERROR;
				CLANG_WARN_DOCUMENTATION_COMMENTS = YES;
				CLANG_WARN_EMPTY_BODY = YES;
				CLANG_WARN_ENUM_CONVERSION = YES;
				CLANG_WARN_INFINITE_RECURSION = YES;
				CLANG_WARN_INT_CONVERSION = YES;
				CLANG_WARN_NON_LITERAL_NULL_CONVERSION = YES;
				CLANG_WARN_OBJC_IMPLICIT_RETAIN_SELF = YES;
				CLANG_WARN_OBJC_LITERAL_CONVERSION = YES;
				CLANG_WARN_OBJC_ROOT_CLASS = YES_ERROR;
				CLANG_WARN_QUOTED_INCLUDE_IN_FRAMEWORK_HEADER = YES;
				CLANG_WARN_RANGE_LOOP_ANALYSIS = YES;
				CLANG_WARN_STRICT_PROTOTYPES = YES;
				CLANG_WARN_SUSPICIOUS_MOVE = YES;
				CLANG_WARN_UNGUARDED_AVAILABILITY = YES_AGGRESSIVE;
				CLANG_WARN_UNREACHABLE_CODE = YES;
				CLANG_WARN__DUPLICATE_METHOD_MATCH = YES;
				COPY_PHASE_STRIP = NO;
				DEBUG_INFORMATION_FORMAT = "dwarf-with-dsym";
				ENABLE_NS_ASSERTIONS = NO;
				ENABLE_STRICT_OBJC_MSGSEND = YES;
				GCC_C_LANGUAGE_STANDARD = gnu11;
				GCC_NO_COMMON_BLOCKS = YES;
				GCC_WARN_64_TO_32_BIT_CONVERSION = YES;
				GCC_WARN_ABOUT_RETURN_TYPE = YES_ERROR;
				GCC_WARN_UNDECLARED_SELECTOR = YES;
				GCC_WARN_UNINITIALIZED_AUTOS = YES_AGGRESSIVE;
				GCC_WARN_UNUSED_FUNCTION = YES;
				GCC_WARN_UNUSED_VARIABLE = YES;
				MTL_ENABLE_DEBUG_INFO = NO;
				MTL_FAST_MATH = YES;
				SWIFT_COMPILATION_MODE = wholemodule;
				SWIFT_OPTIMIZATION_LEVEL = "-O";
			};
			name = Release;
		};
		C03E273B2820AB5C001A201C /* Debug */ = {
			isa = XCBuildConfiguration;
			buildSettings = {
				ASSETCATALOG_COMPILER_APPICON_NAME = AppIcon;
				ASSETCATALOG_COMPILER_GLOBAL_ACCENT_COLOR_NAME = AccentColor;
				CODE_SIGN_STYLE = Automatic;
				CURRENT_PROJECT_VERSION = 1;
				DEVELOPMENT_TEAM = Z225784MRD;
				ENABLE_PREVIEWS = YES;
				GENERATE_INFOPLIST_FILE = YES;
				INFOPLIST_KEY_UIApplicationSceneManifest_Generation = YES;
				INFOPLIST_KEY_UIApplicationSupportsIndirectInputEvents = YES;
				INFOPLIST_KEY_UILaunchScreen_Generation = YES;
				INFOPLIST_KEY_UISupportedInterfaceOrientations_iPad = "UIInterfaceOrientationPortrait UIInterfaceOrientationPortraitUpsideDown UIInterfaceOrientationLandscapeLeft UIInterfaceOrientationLandscapeRight";
				INFOPLIST_KEY_UISupportedInterfaceOrientations_iPhone = "UIInterfaceOrientationPortrait UIInterfaceOrientationLandscapeLeft UIInterfaceOrientationLandscapeRight";
				IPHONEOS_DEPLOYMENT_TARGET = 15.4;
				LD_RUNPATH_SEARCH_PATHS = (
					"$(inherited)",
					"@executable_path/Frameworks",
				);
				MARKETING_VERSION = 1.0;
				PRODUCT_BUNDLE_IDENTIFIER = "NanoChallenge1.SwiftUI-TabView-ref";
				PRODUCT_NAME = SwiftUI_TabView_ref;
				SDKROOT = iphoneos;
				SWIFT_EMIT_LOC_STRINGS = YES;
				SWIFT_VERSION = 5.0;
				TARGETED_DEVICE_FAMILY = "1,2";
			};
			name = Debug;
		};
		C03E273C2820AB5C001A201C /* Release */ = {
			isa = XCBuildConfiguration;
			buildSettings = {
				ASSETCATALOG_COMPILER_APPICON_NAME = AppIcon;
				ASSETCATALOG_COMPILER_GLOBAL_ACCENT_COLOR_NAME = AccentColor;
				CODE_SIGN_STYLE = Automatic;
				CURRENT_PROJECT_VERSION = 1;
				DEVELOPMENT_TEAM = Z225784MRD;
				ENABLE_PREVIEWS = YES;
				GENERATE_INFOPLIST_FILE = YES;
				INFOPLIST_KEY_UIApplicationSceneManifest_Generation = YES;
				INFOPLIST_KEY_UIApplicationSupportsIndirectInputEvents = YES;
				INFOPLIST_KEY_UILaunchScreen_Generation = YES;
				INFOPLIST_KEY_UISupportedInterfaceOrientations_iPad = "UIInterfaceOrientationPortrait UIInterfaceOrientationPortraitUpsideDown UIInterfaceOrientationLandscapeLeft UIInterfaceOrientationLandscapeRight";
				INFOPLIST_KEY_UISupportedInterfaceOrientations_iPhone = "UIInterfaceOrientationPortrait UIInterfaceOrientationLandscapeLeft UIInterfaceOrientationLandscapeRight";
				IPHONEOS_DEPLOYMENT_TARGET = 15.4;
				LD_RUNPATH_SEARCH_PATHS = (
					"$(inherited)",
					"@executable_path/Frameworks",
				);
				MARKETING_VERSION = 1.0;
				PRODUCT_BUNDLE_IDENTIFIER = "NanoChallenge1.SwiftUI-TabView-ref";
				PRODUCT_NAME = SwiftUI_TabView_ref;
				SDKROOT = iphoneos;
				SWIFT_EMIT_LOC_STRINGS = YES;
				SWIFT_VERSION = 5.0;
				TARGETED_DEVICE_FAMILY = "1,2";
				VALIDATE_PRODUCT = YES;
			};
			name = Release;
		};
		C03E273E2820AB5C001A201C /* Debug */ = {
			isa = XCBuildConfiguration;
			buildSettings = {
				ASSETCATALOG_COMPILER_APPICON_NAME = AppIcon;
				ASSETCATALOG_COMPILER_GLOBAL_ACCENT_COLOR_NAME = AccentColor;
				CODE_SIGN_ENTITLEMENTS = macOS/macOS.entitlements;
				CODE_SIGN_STYLE = Automatic;
				COMBINE_HIDPI_IMAGES = YES;
				CURRENT_PROJECT_VERSION = 1;
				DEVELOPMENT_TEAM = Z225784MRD;
				ENABLE_HARDENED_RUNTIME = YES;
				ENABLE_PREVIEWS = YES;
				GENERATE_INFOPLIST_FILE = YES;
				INFOPLIST_KEY_NSHumanReadableCopyright = "";
				LD_RUNPATH_SEARCH_PATHS = (
					"$(inherited)",
					"@executable_path/../Frameworks",
				);
				MACOSX_DEPLOYMENT_TARGET = 12.3;
				MARKETING_VERSION = 1.0;
				PRODUCT_BUNDLE_IDENTIFIER = "NanoChallenge1.SwiftUI-TabView-ref";
				PRODUCT_NAME = SwiftUI_TabView_ref;
				SDKROOT = macosx;
				SWIFT_EMIT_LOC_STRINGS = YES;
				SWIFT_VERSION = 5.0;
			};
			name = Debug;
		};
		C03E273F2820AB5C001A201C /* Release */ = {
			isa = XCBuildConfiguration;
			buildSettings = {
				ASSETCATALOG_COMPILER_APPICON_NAME = AppIcon;
				ASSETCATALOG_COMPILER_GLOBAL_ACCENT_COLOR_NAME = AccentColor;
				CODE_SIGN_ENTITLEMENTS = macOS/macOS.entitlements;
				CODE_SIGN_STYLE = Automatic;
				COMBINE_HIDPI_IMAGES = YES;
				CURRENT_PROJECT_VERSION = 1;
				DEVELOPMENT_TEAM = Z225784MRD;
				ENABLE_HARDENED_RUNTIME = YES;
				ENABLE_PREVIEWS = YES;
				GENERATE_INFOPLIST_FILE = YES;
				INFOPLIST_KEY_NSHumanReadableCopyright = "";
				LD_RUNPATH_SEARCH_PATHS = (
					"$(inherited)",
					"@executable_path/../Frameworks",
				);
				MACOSX_DEPLOYMENT_TARGET = 12.3;
				MARKETING_VERSION = 1.0;
				PRODUCT_BUNDLE_IDENTIFIER = "NanoChallenge1.SwiftUI-TabView-ref";
				PRODUCT_NAME = SwiftUI_TabView_ref;
				SDKROOT = macosx;
				SWIFT_EMIT_LOC_STRINGS = YES;
				SWIFT_VERSION = 5.0;
			};
			name = Release;
		};
/* End XCBuildConfiguration section */

/* Begin XCConfigurationList section */
		C03E27202820AB5B001A201C /* Build configuration list for PBXProject "SwiftUI_TabView_ref" */ = {
			isa = XCConfigurationList;
			buildConfigurations = (
				C03E27382820AB5C001A201C /* Debug */,
				C03E27392820AB5C001A201C /* Release */,
			);
			defaultConfigurationIsVisible = 0;
			defaultConfigurationName = Release;
		};
		C03E273A2820AB5C001A201C /* Build configuration list for PBXNativeTarget "SwiftUI_TabView_ref (iOS)" */ = {
			isa = XCConfigurationList;
			buildConfigurations = (
				C03E273B2820AB5C001A201C /* Debug */,
				C03E273C2820AB5C001A201C /* Release */,
			);
			defaultConfigurationIsVisible = 0;
			defaultConfigurationName = Release;
		};
		C03E273D2820AB5C001A201C /* Build configuration list for PBXNativeTarget "SwiftUI_TabView_ref (macOS)" */ = {
			isa = XCConfigurationList;
			buildConfigurations = (
				C03E273E2820AB5C001A201C /* Debug */,
				C03E273F2820AB5C001A201C /* Release */,
			);
			defaultConfigurationIsVisible = 0;
			defaultConfigurationName = Release;
		};
/* End XCConfigurationList section */
	};
	rootObject = C03E271D2820AB5B001A201C /* Project object */;
}
